
Microsoft Visual Studio Solution File, Format Version 12.00
# Visual Studio Version 16
VisualStudioVersion = 16.0.29609.76
MinimumVisualStudioVersion = 10.0.40219.1
Project("{9A19103F-16F7-4668-BE54-9A1E7A4F7556}") = "trainingDiaryBackend", "training_diary_API\trainingDiaryBackend.csproj", "{4BF184A2-5017-4DC6-92EF-826678765F5D}"
EndProject
Global
	GlobalSection(SolutionConfigurationPlatforms) = preSolution
		Debug|Any CPU = Debug|Any CPU
		Release|Any CPU = Release|Any CPU
	EndGlobalSection
	GlobalSection(ProjectConfigurationPlatforms) = postSolution
		{4BF184A2-5017-4DC6-92EF-826678765F5D}.Debug|Any CPU.ActiveCfg = Debug|Any CPU
		{4BF184A2-5017-4DC6-92EF-826678765F5D}.Debug|Any CPU.Build.0 = Debug|Any CPU
		{4BF184A2-5017-4DC6-92EF-826678765F5D}.Release|Any CPU.ActiveCfg = Release|Any CPU
		{4BF184A2-5017-4DC6-92EF-826678765F5D}.Release|Any CPU.Build.0 = Release|Any CPU
	EndGlobalSection
	GlobalSection(SolutionProperties) = preSolution
		HideSolutionNode = FALSE
	EndGlobalSection
	GlobalSection(ExtensibilityGlobals) = postSolution
		SolutionGuid = {4CE3F181-9073-4D7D-9B3C-B9621396C630}
	EndGlobalSection
EndGlobal
